
Microsoft Visual Studio Solution File, Format Version 12.00
# Visual Studio Version 16
VisualStudioVersion = 16.0.29306.81
MinimumVisualStudioVersion = 10.0.40219.1
Project("{FAE04EC0-301F-11D3-BF4B-00C04F79EFBC}") = "janjaninRobertProvjeraZnanjaPrvi", "janjaninRobertProvjeraZnanjaPrvi\janjaninRobertProvjeraZnanjaPrvi.csproj", "{BEFD000B-12B3-4A24-A73E-62F8418A273F}"
EndProject
Global
	GlobalSection(SolutionConfigurationPlatforms) = preSolution
		Debug|Any CPU = Debug|Any CPU
		Release|Any CPU = Release|Any CPU
	EndGlobalSection
	GlobalSection(ProjectConfigurationPlatforms) = postSolution
		{BEFD000B-12B3-4A24-A73E-62F8418A273F}.Debug|Any CPU.ActiveCfg = Debug|Any CPU
		{BEFD000B-12B3-4A24-A73E-62F8418A273F}.Debug|Any CPU.Build.0 = Debug|Any CPU
		{BEFD000B-12B3-4A24-A73E-62F8418A273F}.Release|Any CPU.ActiveCfg = Release|Any CPU
		{BEFD000B-12B3-4A24-A73E-62F8418A273F}.Release|Any CPU.Build.0 = Release|Any CPU
	EndGlobalSection
	GlobalSection(SolutionProperties) = preSolution
		HideSolutionNode = FALSE
	EndGlobalSection
	GlobalSection(ExtensibilityGlobals) = postSolution
		SolutionGuid = {85670B48-64F8-415F-AA65-870BD2D29F65}
	EndGlobalSection
EndGlobal
